
Microsoft Visual Studio Solution File, Format Version 12.00
# Visual Studio Version 17
VisualStudioVersion = 17.9.34714.143
MinimumVisualStudioVersion = 10.0.40219.1
Project("{9A19103F-16F7-4668-BE54-9A1E7A4F7556}") = "Airport Ticket Booking System", "Airport Ticket Booking System\Airport Ticket Booking System.csproj", "{282889BC-F4DA-472A-B0DA-95732C975611}"
EndProject
Project("{FAE04EC0-301F-11D3-BF4B-00C04F79EFBC}") = "Airport Ticket Booking System.Tests", "Airport Ticket Booking System Tests\Airport Ticket Booking System.Tests.csproj", "{A66FF606-518B-4008-BD57-BA1A89FCCEE9}"
EndProject
Global
	GlobalSection(SolutionConfigurationPlatforms) = preSolution
		Debug|Any CPU = Debug|Any CPU
		Release|Any CPU = Release|Any CPU
	EndGlobalSection
	GlobalSection(ProjectConfigurationPlatforms) = postSolution
		{282889BC-F4DA-472A-B0DA-95732C975611}.Debug|Any CPU.ActiveCfg = Debug|Any CPU
		{282889BC-F4DA-472A-B0DA-95732C975611}.Debug|Any CPU.Build.0 = Debug|Any CPU
		{282889BC-F4DA-472A-B0DA-95732C975611}.Release|Any CPU.ActiveCfg = Release|Any CPU
		{282889BC-F4DA-472A-B0DA-95732C975611}.Release|Any CPU.Build.0 = Release|Any CPU
		{A66FF606-518B-4008-BD57-BA1A89FCCEE9}.Debug|Any CPU.ActiveCfg = Debug|Any CPU
		{A66FF606-518B-4008-BD57-BA1A89FCCEE9}.Debug|Any CPU.Build.0 = Debug|Any CPU
		{A66FF606-518B-4008-BD57-BA1A89FCCEE9}.Release|Any CPU.ActiveCfg = Release|Any CPU
		{A66FF606-518B-4008-BD57-BA1A89FCCEE9}.Release|Any CPU.Build.0 = Release|Any CPU
	EndGlobalSection
	GlobalSection(SolutionProperties) = preSolution
		HideSolutionNode = FALSE
	EndGlobalSection
	GlobalSection(ExtensibilityGlobals) = postSolution
		SolutionGuid = {81B646A4-C5DB-4A00-800E-B5C262315288}
	EndGlobalSection
EndGlobal
